
Microsoft Visual Studio Solution File, Format Version 12.00
# Visual Studio Version 16
VisualStudioVersion = 16.0.33529.622
MinimumVisualStudioVersion = 10.0.40219.1
Project("{FAE04EC0-301F-11D3-BF4B-00C04F79EFBC}") = "Point2D and Point3D", "Point2D and Point3D\Point2D and Point3D.csproj", "{EBF84CD7-F645-4F54-8B30-35BE0E16AA45}"
EndProject
Global
	GlobalSection(SolutionConfigurationPlatforms) = preSolution
		Debug|Any CPU = Debug|Any CPU
		Release|Any CPU = Release|Any CPU
	EndGlobalSection
	GlobalSection(ProjectConfigurationPlatforms) = postSolution
		{EBF84CD7-F645-4F54-8B30-35BE0E16AA45}.Debug|Any CPU.ActiveCfg = Debug|Any CPU
		{EBF84CD7-F645-4F54-8B30-35BE0E16AA45}.Debug|Any CPU.Build.0 = Debug|Any CPU
		{EBF84CD7-F645-4F54-8B30-35BE0E16AA45}.Release|Any CPU.ActiveCfg = Release|Any CPU
		{EBF84CD7-F645-4F54-8B30-35BE0E16AA45}.Release|Any CPU.Build.0 = Release|Any CPU
	EndGlobalSection
	GlobalSection(SolutionProperties) = preSolution
		HideSolutionNode = FALSE
	EndGlobalSection
	GlobalSection(ExtensibilityGlobals) = postSolution
		SolutionGuid = {11389D18-728E-4CDC-B782-5D1E11EA3B86}
	EndGlobalSection
EndGlobal
